
Microsoft Visual Studio Solution File, Format Version 12.00
# Visual Studio Version 17
VisualStudioVersion = 17.5.33530.505
MinimumVisualStudioVersion = 10.0.40219.1
Project("{9A19103F-16F7-4668-BE54-9A1E7A4F7556}") = "BlazorApp1.Server", "BlazorApp1\Server\BlazorApp1.Server.csproj", "{BC9DA080-A4CD-4397-8252-F5EE5AB98D9D}"
EndProject
Project("{9A19103F-16F7-4668-BE54-9A1E7A4F7556}") = "BlazorApp1.Client", "BlazorApp1\Client\BlazorApp1.Client.csproj", "{80E59B02-AB8F-4636-BD9B-822F45FE8A03}"
EndProject
Project("{9A19103F-16F7-4668-BE54-9A1E7A4F7556}") = "BlazorApp1.Shared", "BlazorApp1\Shared\BlazorApp1.Shared.csproj", "{7DDE3FDD-6868-4BAD-A249-A238CE6C42B9}"
EndProject
Project("{9A19103F-16F7-4668-BE54-9A1E7A4F7556}") = "DbRepository", "BlazorApp1\DbRepository\DbRepository.csproj", "{5E027BB0-228A-49FE-A719-57D00ABDF38B}"
EndProject
Project("{9A19103F-16F7-4668-BE54-9A1E7A4F7556}") = "Infra", "BlazorApp1\Infra\Infra.csproj", "{F63BFCA9-892A-46CB-8E3F-6C7A7351A8FD}"
EndProject
Global
	GlobalSection(SolutionConfigurationPlatforms) = preSolution
		Debug|Any CPU = Debug|Any CPU
		Release|Any CPU = Release|Any CPU
	EndGlobalSection
	GlobalSection(ProjectConfigurationPlatforms) = postSolution
		{BC9DA080-A4CD-4397-8252-F5EE5AB98D9D}.Debug|Any CPU.ActiveCfg = Debug|Any CPU
		{BC9DA080-A4CD-4397-8252-F5EE5AB98D9D}.Debug|Any CPU.Build.0 = Debug|Any CPU
		{BC9DA080-A4CD-4397-8252-F5EE5AB98D9D}.Release|Any CPU.ActiveCfg = Release|Any CPU
		{BC9DA080-A4CD-4397-8252-F5EE5AB98D9D}.Release|Any CPU.Build.0 = Release|Any CPU
		{80E59B02-AB8F-4636-BD9B-822F45FE8A03}.Debug|Any CPU.ActiveCfg = Debug|Any CPU
		{80E59B02-AB8F-4636-BD9B-822F45FE8A03}.Debug|Any CPU.Build.0 = Debug|Any CPU
		{80E59B02-AB8F-4636-BD9B-822F45FE8A03}.Release|Any CPU.ActiveCfg = Release|Any CPU
		{80E59B02-AB8F-4636-BD9B-822F45FE8A03}.Release|Any CPU.Build.0 = Release|Any CPU
		{7DDE3FDD-6868-4BAD-A249-A238CE6C42B9}.Debug|Any CPU.ActiveCfg = Debug|Any CPU
		{7DDE3FDD-6868-4BAD-A249-A238CE6C42B9}.Debug|Any CPU.Build.0 = Debug|Any CPU
		{7DDE3FDD-6868-4BAD-A249-A238CE6C42B9}.Release|Any CPU.ActiveCfg = Release|Any CPU
		{7DDE3FDD-6868-4BAD-A249-A238CE6C42B9}.Release|Any CPU.Build.0 = Release|Any CPU
		{5E027BB0-228A-49FE-A719-57D00ABDF38B}.Debug|Any CPU.ActiveCfg = Debug|Any CPU
		{5E027BB0-228A-49FE-A719-57D00ABDF38B}.Debug|Any CPU.Build.0 = Debug|Any CPU
		{5E027BB0-228A-49FE-A719-57D00ABDF38B}.Release|Any CPU.ActiveCfg = Release|Any CPU
		{5E027BB0-228A-49FE-A719-57D00ABDF38B}.Release|Any CPU.Build.0 = Release|Any CPU
		{F63BFCA9-892A-46CB-8E3F-6C7A7351A8FD}.Debug|Any CPU.ActiveCfg = Debug|Any CPU
		{F63BFCA9-892A-46CB-8E3F-6C7A7351A8FD}.Debug|Any CPU.Build.0 = Debug|Any CPU
		{F63BFCA9-892A-46CB-8E3F-6C7A7351A8FD}.Release|Any CPU.ActiveCfg = Release|Any CPU
		{F63BFCA9-892A-46CB-8E3F-6C7A7351A8FD}.Release|Any CPU.Build.0 = Release|Any CPU
	EndGlobalSection
	GlobalSection(SolutionProperties) = preSolution
		HideSolutionNode = FALSE
	EndGlobalSection
	GlobalSection(ExtensibilityGlobals) = postSolution
		SolutionGuid = {787F722C-CFD4-4991-B663-EA332F4D39F9}
	EndGlobalSection
EndGlobal
